
Microsoft Visual Studio Solution File, Format Version 12.00
# Visual Studio Version 16
VisualStudioVersion = 16.0.30907.101
MinimumVisualStudioVersion = 10.0.40219.1
Project("{FAE04EC0-301F-11D3-BF4B-00C04F79EFBC}") = "MailSender", "MailSender\MailSender.csproj", "{765571B8-2003-4220-AD47-DA7932F88C42}"
EndProject
Global
	GlobalSection(SolutionConfigurationPlatforms) = preSolution
		Debug|Any CPU = Debug|Any CPU
		Release|Any CPU = Release|Any CPU
	EndGlobalSection
	GlobalSection(ProjectConfigurationPlatforms) = postSolution
		{765571B8-2003-4220-AD47-DA7932F88C42}.Debug|Any CPU.ActiveCfg = Debug|Any CPU
		{765571B8-2003-4220-AD47-DA7932F88C42}.Debug|Any CPU.Build.0 = Debug|Any CPU
		{765571B8-2003-4220-AD47-DA7932F88C42}.Release|Any CPU.ActiveCfg = Release|Any CPU
		{765571B8-2003-4220-AD47-DA7932F88C42}.Release|Any CPU.Build.0 = Release|Any CPU
	EndGlobalSection
	GlobalSection(SolutionProperties) = preSolution
		HideSolutionNode = FALSE
	EndGlobalSection
	GlobalSection(ExtensibilityGlobals) = postSolution
		SolutionGuid = {8D689429-1AA0-42E8-99B7-9C87788BDCB1}
	EndGlobalSection
EndGlobal
